<?xml version="1.0" encoding="UTF-8" standalone="yes" ?>
<CodeBlocks_project_file>
	<FileVersion major="1" minor="6" />
	<Project>
		<Option title="fsense" />
		<Option pch_mode="2" />
		<Option compiler="gcc" />
		<Build>
			<Target title="Release">
				<Option output="bin/Release/fsense" prefix_auto="1" extension_auto="1" />
				<Option object_output="obj/Release/" />
				<Option type="0" />
				<Option compiler="gcc" />
				<Compiler>
					<Add option="-O2" />
					<Add option="-s" />
				</Compiler>
			</Target>
		</Build>
		<Compiler>
			<Add option="-mms-bitfields" />
			<Add option="-DWIN32" />
			<Add directory="C:/msys64/ucrt64/include" />
		</Compiler>
		<Linker>
			<Add option="-mwindows -lfltk -lgdiplus -lgdiplus -lole32 -luuid -lcomctl32 -lws2_32 -lwinspool" />
			<Add library="fltk" />
			<Add library="ole32" />
			<Add library="uuid" />
			<Add library="comctl32" />
			<Add library="wsock32" />
			<Add library="m" />
			<Add library="gdi32" />
			<Add library="user32" />
			<Add library="kernel32" />
			<Add library="pthread" />
			<Add directory="C:/msys64/ucrt64/lib" />
		</Linker>
		<Unit filename="FSenseUI.cxx" />
		<Unit filename="FSenseUI.h" />
		<Unit filename="main.cpp" />
		<Extensions>
			<lib_finder disable_auto="1" />
		</Extensions>
	</Project>
</CodeBlocks_project_file>
